
Microsoft Visual Studio Solution File, Format Version 12.00
# Visual Studio Version 17
VisualStudioVersion = 17.11.35222.181
MinimumVisualStudioVersion = 10.0.40219.1
Project("{FAE04EC0-301F-11D3-BF4B-00C04F79EFBC}") = "ContosoUniTARge23", "ContosoUniTARge23\ContosoUniTARge23.csproj", "{A571DEF4-4215-4DF5-A57D-B9CA955BB4C7}"
EndProject
Global
	GlobalSection(SolutionConfigurationPlatforms) = preSolution
		Debug|Any CPU = Debug|Any CPU
		Release|Any CPU = Release|Any CPU
	EndGlobalSection
	GlobalSection(ProjectConfigurationPlatforms) = postSolution
		{A571DEF4-4215-4DF5-A57D-B9CA955BB4C7}.Debug|Any CPU.ActiveCfg = Debug|Any CPU
		{A571DEF4-4215-4DF5-A57D-B9CA955BB4C7}.Debug|Any CPU.Build.0 = Debug|Any CPU
		{A571DEF4-4215-4DF5-A57D-B9CA955BB4C7}.Release|Any CPU.ActiveCfg = Release|Any CPU
		{A571DEF4-4215-4DF5-A57D-B9CA955BB4C7}.Release|Any CPU.Build.0 = Release|Any CPU
	EndGlobalSection
	GlobalSection(SolutionProperties) = preSolution
		HideSolutionNode = FALSE
	EndGlobalSection
	GlobalSection(ExtensibilityGlobals) = postSolution
		SolutionGuid = {F417B7E9-5F09-44FA-ACD3-61A8C77644BB}
	EndGlobalSection
EndGlobal
